
Microsoft Visual Studio Solution File, Format Version 12.00
# Visual Studio 15
VisualStudioVersion = 15.0.28307.1525
MinimumVisualStudioVersion = 10.0.40219.1
Project("{FAE04EC0-301F-11D3-BF4B-00C04F79EFBC}") = "WpfApp12_1", "WpfApp12_1\WpfApp12_1.csproj", "{C7E4CC5E-7822-48DC-9BB2-21715032315B}"
EndProject
Global
	GlobalSection(SolutionConfigurationPlatforms) = preSolution
		Debug|Any CPU = Debug|Any CPU
		Release|Any CPU = Release|Any CPU
	EndGlobalSection
	GlobalSection(ProjectConfigurationPlatforms) = postSolution
		{C7E4CC5E-7822-48DC-9BB2-21715032315B}.Debug|Any CPU.ActiveCfg = Debug|Any CPU
		{C7E4CC5E-7822-48DC-9BB2-21715032315B}.Debug|Any CPU.Build.0 = Debug|Any CPU
		{C7E4CC5E-7822-48DC-9BB2-21715032315B}.Release|Any CPU.ActiveCfg = Release|Any CPU
		{C7E4CC5E-7822-48DC-9BB2-21715032315B}.Release|Any CPU.Build.0 = Release|Any CPU
	EndGlobalSection
	GlobalSection(SolutionProperties) = preSolution
		HideSolutionNode = FALSE
	EndGlobalSection
	GlobalSection(ExtensibilityGlobals) = postSolution
		SolutionGuid = {53C1BB61-38BF-4F3A-877D-18DE6C3B4CB9}
	EndGlobalSection
EndGlobal
